// !$*UTF8*$!
{
	archiveVersion = 1;
	classes = {
	};
	objectVersion = 56;
	objects = {

/* Begin PBXBuildFile section */
		599BFFC82A338CE30027CB2D /* QuestionAppApp.swift in Sources */ = {isa = PBXBuildFile; fileRef = 599BFFC72A338CE30027CB2D /* QuestionAppApp.swift */; };
		599BFFCA2A338CE30027CB2D /* ContentView.swift in Sources */ = {isa = PBXBuildFile; fileRef = 599BFFC92A338CE30027CB2D /* ContentView.swift */; };
		599BFFCC2A338CE60027CB2D /* Assets.xcassets in Resources */ = {isa = PBXBuildFile; fileRef = 599BFFCB2A338CE60027CB2D /* Assets.xcassets */; };
		599BFFCF2A338CE60027CB2D /* Preview Assets.xcassets in Resources */ = {isa = PBXBuildFile; fileRef = 599BFFCE2A338CE60027CB2D /* Preview Assets.xcassets */; };
		599BFFD62A338D930027CB2D /* FirstQuestion.swift in Sources */ = {isa = PBXBuildFile; fileRef = 599BFFD52A338D930027CB2D /* FirstQuestion.swift */; };
		599BFFD82A338E900027CB2D /* SecondQuestion.swift in Sources */ = {isa = PBXBuildFile; fileRef = 599BFFD72A338E900027CB2D /* SecondQuestion.swift */; };
		599BFFDA2A338F120027CB2D /* ThirdQuestion.swift in Sources */ = {isa = PBXBuildFile; fileRef = 599BFFD92A338F120027CB2D /* ThirdQuestion.swift */; };
		599BFFDC2A33976C0027CB2D /* Done.swift in Sources */ = {isa = PBXBuildFile; fileRef = 599BFFDB2A33976C0027CB2D /* Done.swift */; };
/* End PBXBuildFile section */

/* Begin PBXFileReference section */
		599BFFC42A338CE30027CB2D /* QuestionApp.app */ = {isa = PBXFileReference; explicitFileType = wrapper.application; includeInIndex = 0; path = QuestionApp.app; sourceTree = BUILT_PRODUCTS_DIR; };
		599BFFC72A338CE30027CB2D /* QuestionAppApp.swift */ = {isa = PBXFileReference; lastKnownFileType = sourcecode.swift; path = QuestionAppApp.swift; sourceTree = "<group>"; };
		599BFFC92A338CE30027CB2D /* ContentView.swift */ = {isa = PBXFileReference; lastKnownFileType = sourcecode.swift; path = ContentView.swift; sourceTree = "<group>"; };
		599BFFCB2A338CE60027CB2D /* Assets.xcassets */ = {isa = PBXFileReference; lastKnownFileType = folder.assetcatalog; path = Assets.xcassets; sourceTree = "<group>"; };
		599BFFCE2A338CE60027CB2D /* Preview Assets.xcassets */ = {isa = PBXFileReference; lastKnownFileType = folder.assetcatalog; path = "Preview Assets.xcassets"; sourceTree = "<group>"; };
		599BFFD52A338D930027CB2D /* FirstQuestion.swift */ = {isa = PBXFileReference; lastKnownFileType = sourcecode.swift; path = FirstQuestion.swift; sourceTree = "<group>"; };
		599BFFD72A338E900027CB2D /* SecondQuestion.swift */ = {isa = PBXFileReference; lastKnownFileType = sourcecode.swift; path = SecondQuestion.swift; sourceTree = "<group>"; };
		599BFFD92A338F120027CB2D /* ThirdQuestion.swift */ = {isa = PBXFileReference; lastKnownFileType = sourcecode.swift; path = ThirdQuestion.swift; sourceTree = "<group>"; };
		599BFFDB2A33976C0027CB2D /* Done.swift */ = {isa = PBXFileReference; lastKnownFileType = sourcecode.swift; path = Done.swift; sourceTree = "<group>"; };
/* End PBXFileReference section */

/* Begin PBXFrameworksBuildPhase section */
		599BFFC12A338CE30027CB2D /* Frameworks */ = {
			isa = PBXFrameworksBuildPhase;
			buildActionMask = 2147483647;
			files = (
			);
			runOnlyForDeploymentPostprocessing = 0;
		};
/* End PBXFrameworksBuildPhase section */

/* Begin PBXGroup section */
		599BFFBB2A338CE30027CB2D = {
			isa = PBXGroup;
			children = (
				599BFFC62A338CE30027CB2D /* QuestionApp */,
				599BFFC52A338CE30027CB2D /* Products */,
			);
			sourceTree = "<group>";
		};
		599BFFC52A338CE30027CB2D /* Products */ = {
			isa = PBXGroup;
			children = (
				599BFFC42A338CE30027CB2D /* QuestionApp.app */,
			);
			name = Products;
			sourceTree = "<group>";
		};
		599BFFC62A338CE30027CB2D /* QuestionApp */ = {
			isa = PBXGroup;
			children = (
				599BFFC72A338CE30027CB2D /* QuestionAppApp.swift */,
				599BFFC92A338CE30027CB2D /* ContentView.swift */,
				599BFFD52A338D930027CB2D /* FirstQuestion.swift */,
				599BFFD72A338E900027CB2D /* SecondQuestion.swift */,
				599BFFD92A338F120027CB2D /* ThirdQuestion.swift */,
				599BFFDB2A33976C0027CB2D /* Done.swift */,
				599BFFCB2A338CE60027CB2D /* Assets.xcassets */,
				599BFFCD2A338CE60027CB2D /* Preview Content */,
			);
			path = QuestionApp;
			sourceTree = "<group>";
		};
		599BFFCD2A338CE60027CB2D /* Preview Content */ = {
			isa = PBXGroup;
			children = (
				599BFFCE2A338CE60027CB2D /* Preview Assets.xcassets */,
			);
			path = "Preview Content";
			sourceTree = "<group>";
		};
/* End PBXGroup section */

/* Begin PBXNativeTarget section */
		599BFFC32A338CE30027CB2D /* QuestionApp */ = {
			isa = PBXNativeTarget;
			buildConfigurationList = 599BFFD22A338CE60027CB2D /* Build configuration list for PBXNativeTarget "QuestionApp" */;
			buildPhases = (
				599BFFC02A338CE30027CB2D /* Sources */,
				599BFFC12A338CE30027CB2D /* Frameworks */,
				599BFFC22A338CE30027CB2D /* Resources */,
			);
			buildRules = (
			);
			dependencies = (
			);
			name = QuestionApp;
			productName = QuestionApp;
			productReference = 599BFFC42A338CE30027CB2D /* QuestionApp.app */;
			productType = "com.apple.product-type.application";
		};
/* End PBXNativeTarget section */

/* Begin PBXProject section */
		599BFFBC2A338CE30027CB2D /* Project object */ = {
			isa = PBXProject;
			attributes = {
				BuildIndependentTargetsInParallel = 1;
				LastSwiftUpdateCheck = 1430;
				LastUpgradeCheck = 1430;
				TargetAttributes = {
					599BFFC32A338CE30027CB2D = {
						CreatedOnToolsVersion = 14.3;
					};
				};
			};
			buildConfigurationList = 599BFFBF2A338CE30027CB2D /* Build configuration list for PBXProject "QuestionApp" */;
			compatibilityVersion = "Xcode 14.0";
			developmentRegion = en;
			hasScannedForEncodings = 0;
			knownRegions = (
				en,
				Base,
			);
			mainGroup = 599BFFBB2A338CE30027CB2D;
			productRefGroup = 599BFFC52A338CE30027CB2D /* Products */;
			projectDirPath = "";
			projectRoot = "";
			targets = (
				599BFFC32A338CE30027CB2D /* QuestionApp */,
			);
		};
/* End PBXProject section */

/* Begin PBXResourcesBuildPhase section */
		599BFFC22A338CE30027CB2D /* Resources */ = {
			isa = PBXResourcesBuildPhase;
			buildActionMask = 2147483647;
			files = (
				599BFFCF2A338CE60027CB2D /* Preview Assets.xcassets in Resources */,
				599BFFCC2A338CE60027CB2D /* Assets.xcassets in Resources */,
			);
			runOnlyForDeploymentPostprocessing = 0;
		};
/* End PBXResourcesBuildPhase section */

/* Begin PBXSourcesBuildPhase section */
		599BFFC02A338CE30027CB2D /* Sources */ = {
			isa = PBXSourcesBuildPhase;
			buildActionMask = 2147483647;
			files = (
				599BFFD62A338D930027CB2D /* FirstQuestion.swift in Sources */,
				599BFFDC2A33976C0027CB2D /* Done.swift in Sources */,
				599BFFCA2A338CE30027CB2D /* ContentView.swift in Sources */,
				599BFFDA2A338F120027CB2D /* ThirdQuestion.swift in Sources */,
				599BFFC82A338CE30027CB2D /* QuestionAppApp.swift in Sources */,
				599BFFD82A338E900027CB2D /* SecondQuestion.swift in Sources */,
			);
			runOnlyForDeploymentPostprocessing = 0;
		};
/* End PBXSourcesBuildPhase section */

/* Begin XCBuildConfiguration section */
		599BFFD02A338CE60027CB2D /* Debug */ = {
			isa = XCBuildConfiguration;
			buildSettings = {
				ALWAYS_SEARCH_USER_PATHS = NO;
				CLANG_ANALYZER_NONNULL = YES;
				CLANG_ANALYZER_NUMBER_OBJECT_CONVERSION = YES_AGGRESSIVE;
				CLANG_CXX_LANGUAGE_STANDARD = "gnu++20";
				CLANG_ENABLE_MODULES = YES;
				CLANG_ENABLE_OBJC_ARC = YES;
				CLANG_ENABLE_OBJC_WEAK = YES;
				CLANG_WARN_BLOCK_CAPTURE_AUTORELEASING = YES;
				CLANG_WARN_BOOL_CONVERSION = YES;
				CLANG_WARN_COMMA = YES;
				CLANG_WARN_CONSTANT_CONVERSION = YES;
				CLANG_WARN_DEPRECATED_OBJC_IMPLEMENTATIONS = YES;
				CLANG_WARN_DIRECT_OBJC_ISA_USAGE = YES_ERROR;
				CLANG_WARN_DOCUMENTATION_COMMENTS = YES;
				CLANG_WARN_EMPTY_BODY = YES;
				CLANG_WARN_ENUM_CONVERSION = YES;
				CLANG_WARN_INFINITE_RECURSION = YES;
				CLANG_WARN_INT_CONVERSION = YES;
				CLANG_WARN_NON_LITERAL_NULL_CONVERSION = YES;
				CLANG_WARN_OBJC_IMPLICIT_RETAIN_SELF = YES;
				CLANG_WARN_OBJC_LITERAL_CONVERSION = YES;
				CLANG_WARN_OBJC_ROOT_CLASS = YES_ERROR;
				CLANG_WARN_QUOTED_INCLUDE_IN_FRAMEWORK_HEADER = YES;
				CLANG_WARN_RANGE_LOOP_ANALYSIS = YES;
				CLANG_WARN_STRICT_PROTOTYPES = YES;
				CLANG_WARN_SUSPICIOUS_MOVE = YES;
				CLANG_WARN_UNGUARDED_AVAILABILITY = YES_AGGRESSIVE;
				CLANG_WARN_UNREACHABLE_CODE = YES;
				CLANG_WARN__DUPLICATE_METHOD_MATCH = YES;
				COPY_PHASE_STRIP = NO;
				DEBUG_INFORMATION_FORMAT = dwarf;
				ENABLE_STRICT_OBJC_MSGSEND = YES;
				ENABLE_TESTABILITY = YES;
				GCC_C_LANGUAGE_STANDARD = gnu11;
				GCC_DYNAMIC_NO_PIC = NO;
				GCC_NO_COMMON_BLOCKS = YES;
				GCC_OPTIMIZATION_LEVEL = 0;
				GCC_PREPROCESSOR_DEFINITIONS = (
					"DEBUG=1",
					"$(inherited)",
				);
				GCC_WARN_64_TO_32_BIT_CONVERSION = YES;
				GCC_WARN_ABOUT_RETURN_TYPE = YES_ERROR;
				GCC_WARN_UNDECLARED_SELECTOR = YES;
				GCC_WARN_UNINITIALIZED_AUTOS = YES_AGGRESSIVE;
				GCC_WARN_UNUSED_FUNCTION = YES;
				GCC_WARN_UNUSED_VARIABLE = YES;
				IPHONEOS_DEPLOYMENT_TARGET = 16.4;
				MTL_ENABLE_DEBUG_INFO = INCLUDE_SOURCE;
				MTL_FAST_MATH = YES;
				ONLY_ACTIVE_ARCH = YES;
				SDKROOT = iphoneos;
				SWIFT_ACTIVE_COMPILATION_CONDITIONS = DEBUG;
				SWIFT_OPTIMIZATION_LEVEL = "-Onone";
			};
			name = Debug;
		};
		599BFFD12A338CE60027CB2D /* Release */ = {
			isa = XCBuildConfiguration;
			buildSettings = {
				ALWAYS_SEARCH_USER_PATHS = NO;
				CLANG_ANALYZER_NONNULL = YES;
				CLANG_ANALYZER_NUMBER_OBJECT_CONVERSION = YES_AGGRESSIVE;
				CLANG_CXX_LANGUAGE_STANDARD = "gnu++20";
				CLANG_ENABLE_MODULES = YES;
				CLANG_ENABLE_OBJC_ARC = YES;
				CLANG_ENABLE_OBJC_WEAK = YES;
				CLANG_WARN_BLOCK_CAPTURE_AUTORELEASING = YES;
				CLANG_WARN_BOOL_CONVERSION = YES;
				CLANG_WARN_COMMA = YES;
				CLANG_WARN_CONSTANT_CONVERSION = YES;
				CLANG_WARN_DEPRECATED_OBJC_IMPLEMENTATIONS = YES;
				CLANG_WARN_DIRECT_OBJC_ISA_USAGE = YES_ERROR;
				CLANG_WARN_DOCUMENTATION_COMMENTS = YES;
				CLANG_WARN_EMPTY_BODY = YES;
				CLANG_WARN_ENUM_CONVERSION = YES;
				CLANG_WARN_INFINITE_RECURSION = YES;
				CLANG_WARN_INT_CONVERSION = YES;
				CLANG_WARN_NON_LITERAL_NULL_CONVERSION = YES;
				CLANG_WARN_OBJC_IMPLICIT_RETAIN_SELF = YES;
				CLANG_WARN_OBJC_LITERAL_CONVERSION = YES;
				CLANG_WARN_OBJC_ROOT_CLASS = YES_ERROR;
				CLANG_WARN_QUOTED_INCLUDE_IN_FRAMEWORK_HEADER = YES;
				CLANG_WARN_RANGE_LOOP_ANALYSIS = YES;
				CLANG_WARN_STRICT_PROTOTYPES = YES;
				CLANG_WARN_SUSPICIOUS_MOVE = YES;
				CLANG_WARN_UNGUARDED_AVAILABILITY = YES_AGGRESSIVE;
				CLANG_WARN_UNREACHABLE_CODE = YES;
				CLANG_WARN__DUPLICATE_METHOD_MATCH = YES;
				COPY_PHASE_STRIP = NO;
				DEBUG_INFORMATION_FORMAT = "dwarf-with-dsym";
				ENABLE_NS_ASSERTIONS = NO;
				ENABLE_STRICT_OBJC_MSGSEND = YES;
				GCC_C_LANGUAGE_STANDARD = gnu11;
				GCC_NO_COMMON_BLOCKS = YES;
				GCC_WARN_64_TO_32_BIT_CONVERSION = YES;
				GCC_WARN_ABOUT_RETURN_TYPE = YES_ERROR;
				GCC_WARN_UNDECLARED_SELECTOR = YES;
				GCC_WARN_UNINITIALIZED_AUTOS = YES_AGGRESSIVE;
				GCC_WARN_UNUSED_FUNCTION = YES;
				GCC_WARN_UNUSED_VARIABLE = YES;
				IPHONEOS_DEPLOYMENT_TARGET = 16.4;
				MTL_ENABLE_DEBUG_INFO = NO;
				MTL_FAST_MATH = YES;
				SDKROOT = iphoneos;
				SWIFT_COMPILATION_MODE = wholemodule;
				SWIFT_OPTIMIZATION_LEVEL = "-O";
				VALIDATE_PRODUCT = YES;
			};
			name = Release;
		};
		599BFFD32A338CE60027CB2D /* Debug */ = {
			isa = XCBuildConfiguration;
			buildSettings = {
				ASSETCATALOG_COMPILER_APPICON_NAME = AppIcon;
				ASSETCATALOG_COMPILER_GLOBAL_ACCENT_COLOR_NAME = AccentColor;
				CODE_SIGN_STYLE = Automatic;
				CURRENT_PROJECT_VERSION = 1;
				DEVELOPMENT_ASSET_PATHS = "\"QuestionApp/Preview Content\"";
				DEVELOPMENT_TEAM = FZL5UJC36B;
				ENABLE_PREVIEWS = YES;
				GENERATE_INFOPLIST_FILE = YES;
				INFOPLIST_KEY_UIApplicationSceneManifest_Generation = YES;
				INFOPLIST_KEY_UIApplicationSupportsIndirectInputEvents = YES;
				INFOPLIST_KEY_UILaunchScreen_Generation = YES;
				INFOPLIST_KEY_UISupportedInterfaceOrientations_iPad = "UIInterfaceOrientationPortrait UIInterfaceOrientationPortraitUpsideDown UIInterfaceOrientationLandscapeLeft UIInterfaceOrientationLandscapeRight";
				INFOPLIST_KEY_UISupportedInterfaceOrientations_iPhone = "UIInterfaceOrientationPortrait UIInterfaceOrientationLandscapeLeft UIInterfaceOrientationLandscapeRight";
				LD_RUNPATH_SEARCH_PATHS = (
					"$(inherited)",
					"@executable_path/Frameworks",
				);
				MARKETING_VERSION = 1.0;
				PRODUCT_BUNDLE_IDENTIFIER = KWK.QuestionApp;
				PRODUCT_NAME = "$(TARGET_NAME)";
				SWIFT_EMIT_LOC_STRINGS = YES;
				SWIFT_VERSION = 5.0;
				TARGETED_DEVICE_FAMILY = "1,2";
			};
			name = Debug;
		};
		599BFFD42A338CE60027CB2D /* Release */ = {
			isa = XCBuildConfiguration;
			buildSettings = {
				ASSETCATALOG_COMPILER_APPICON_NAME = AppIcon;
				ASSETCATALOG_COMPILER_GLOBAL_ACCENT_COLOR_NAME = AccentColor;
				CODE_SIGN_STYLE = Automatic;
				CURRENT_PROJECT_VERSION = 1;
				DEVELOPMENT_ASSET_PATHS = "\"QuestionApp/Preview Content\"";
				DEVELOPMENT_TEAM = FZL5UJC36B;
				ENABLE_PREVIEWS = YES;
				GENERATE_INFOPLIST_FILE = YES;
				INFOPLIST_KEY_UIApplicationSceneManifest_Generation = YES;
				INFOPLIST_KEY_UIApplicationSupportsIndirectInputEvents = YES;
				INFOPLIST_KEY_UILaunchScreen_Generation = YES;
				INFOPLIST_KEY_UISupportedInterfaceOrientations_iPad = "UIInterfaceOrientationPortrait UIInterfaceOrientationPortraitUpsideDown UIInterfaceOrientationLandscapeLeft UIInterfaceOrientationLandscapeRight";
				INFOPLIST_KEY_UISupportedInterfaceOrientations_iPhone = "UIInterfaceOrientationPortrait UIInterfaceOrientationLandscapeLeft UIInterfaceOrientationLandscapeRight";
				LD_RUNPATH_SEARCH_PATHS = (
					"$(inherited)",
					"@executable_path/Frameworks",
				);
				MARKETING_VERSION = 1.0;
				PRODUCT_BUNDLE_IDENTIFIER = KWK.QuestionApp;
				PRODUCT_NAME = "$(TARGET_NAME)";
				SWIFT_EMIT_LOC_STRINGS = YES;
				SWIFT_VERSION = 5.0;
				TARGETED_DEVICE_FAMILY = "1,2";
			};
			name = Release;
		};
/* End XCBuildConfiguration section */

/* Begin XCConfigurationList section */
		599BFFBF2A338CE30027CB2D /* Build configuration list for PBXProject "QuestionApp" */ = {
			isa = XCConfigurationList;
			buildConfigurations = (
				599BFFD02A338CE60027CB2D /* Debug */,
				599BFFD12A338CE60027CB2D /* Release */,
			);
			defaultConfigurationIsVisible = 0;
			defaultConfigurationName = Release;
		};
		599BFFD22A338CE60027CB2D /* Build configuration list for PBXNativeTarget "QuestionApp" */ = {
			isa = XCConfigurationList;
			buildConfigurations = (
				599BFFD32A338CE60027CB2D /* Debug */,
				599BFFD42A338CE60027CB2D /* Release */,
			);
			defaultConfigurationIsVisible = 0;
			defaultConfigurationName = Release;
		};
/* End XCConfigurationList section */
	};
	rootObject = 599BFFBC2A338CE30027CB2D /* Project object */;
}
